// !$*UTF8*$!
{
	archiveVersion = 1;
	classes = {
	};
	objectVersion = 50;
	objects = {

/* Begin PBXBuildFile section */
		31184F2D23B0D6550034AFDC /* AppDelegate.swift in Sources */ = {isa = PBXBuildFile; fileRef = 31184F2C23B0D6550034AFDC /* AppDelegate.swift */; };
		31184F2F23B0D6550034AFDC /* SceneDelegate.swift in Sources */ = {isa = PBXBuildFile; fileRef = 31184F2E23B0D6550034AFDC /* SceneDelegate.swift */; };
		31184F3123B0D6550034AFDC /* ViewController.swift in Sources */ = {isa = PBXBuildFile; fileRef = 31184F3023B0D6550034AFDC /* ViewController.swift */; };
		31184F3423B0D6550034AFDC /* Main.storyboard in Resources */ = {isa = PBXBuildFile; fileRef = 31184F3223B0D6550034AFDC /* Main.storyboard */; };
		31184F3623B0D6560034AFDC /* Assets.xcassets in Resources */ = {isa = PBXBuildFile; fileRef = 31184F3523B0D6560034AFDC /* Assets.xcassets */; };
		31184F3923B0D6560034AFDC /* LaunchScreen.storyboard in Resources */ = {isa = PBXBuildFile; fileRef = 31184F3723B0D6560034AFDC /* LaunchScreen.storyboard */; };
		31184F5D23B200E00034AFDC /* SettingViewController.swift in Sources */ = {isa = PBXBuildFile; fileRef = 31184F5C23B200E00034AFDC /* SettingViewController.swift */; };
		31300A1923DDA01900E50034 /* SeparateView.swift in Sources */ = {isa = PBXBuildFile; fileRef = 31300A1823DDA01900E50034 /* SeparateView.swift */; };
/* End PBXBuildFile section */

/* Begin PBXContainerItemProxy section */
		31184F4023B0D6570034AFDC /* PBXContainerItemProxy */ = {
			isa = PBXContainerItemProxy;
			containerPortal = 31184F2123B0D6550034AFDC /* Project object */;
			proxyType = 1;
			remoteGlobalIDString = 31184F2823B0D6550034AFDC;
			remoteInfo = TipApp;
		};
		31184F4B23B0D6570034AFDC /* PBXContainerItemProxy */ = {
			isa = PBXContainerItemProxy;
			containerPortal = 31184F2123B0D6550034AFDC /* Project object */;
			proxyType = 1;
			remoteGlobalIDString = 31184F2823B0D6550034AFDC;
			remoteInfo = TipApp;
		};
/* End PBXContainerItemProxy section */

/* Begin PBXFileReference section */
		31184F2923B0D6550034AFDC /* TipApp.app */ = {isa = PBXFileReference; explicitFileType = wrapper.application; includeInIndex = 0; path = TipApp.app; sourceTree = BUILT_PRODUCTS_DIR; };
		31184F2C23B0D6550034AFDC /* AppDelegate.swift */ = {isa = PBXFileReference; lastKnownFileType = sourcecode.swift; path = AppDelegate.swift; sourceTree = "<group>"; };
		31184F2E23B0D6550034AFDC /* SceneDelegate.swift */ = {isa = PBXFileReference; lastKnownFileType = sourcecode.swift; path = SceneDelegate.swift; sourceTree = "<group>"; };
		31184F3023B0D6550034AFDC /* ViewController.swift */ = {isa = PBXFileReference; lastKnownFileType = sourcecode.swift; path = ViewController.swift; sourceTree = "<group>"; };
		31184F3323B0D6550034AFDC /* Base */ = {isa = PBXFileReference; lastKnownFileType = file.storyboard; name = Base; path = Base.lproj/Main.storyboard; sourceTree = "<group>"; };
		31184F3523B0D6560034AFDC /* Assets.xcassets */ = {isa = PBXFileReference; lastKnownFileType = folder.assetcatalog; path = Assets.xcassets; sourceTree = "<group>"; };
		31184F3823B0D6560034AFDC /* Base */ = {isa = PBXFileReference; lastKnownFileType = file.storyboard; name = Base; path = Base.lproj/LaunchScreen.storyboard; sourceTree = "<group>"; };
		31184F3A23B0D6560034AFDC /* Info.plist */ = {isa = PBXFileReference; lastKnownFileType = text.plist.xml; path = Info.plist; sourceTree = "<group>"; };
		31184F3F23B0D6570034AFDC /* TipAppTests.xctest */ = {isa = PBXFileReference; explicitFileType = wrapper.cfbundle; includeInIndex = 0; path = TipAppTests.xctest; sourceTree = BUILT_PRODUCTS_DIR; };
		31184F4A23B0D6570034AFDC /* TipAppUITests.xctest */ = {isa = PBXFileReference; explicitFileType = wrapper.cfbundle; includeInIndex = 0; path = TipAppUITests.xctest; sourceTree = BUILT_PRODUCTS_DIR; };
		31184F5C23B200E00034AFDC /* SettingViewController.swift */ = {isa = PBXFileReference; lastKnownFileType = sourcecode.swift; path = SettingViewController.swift; sourceTree = "<group>"; };
		31300A1823DDA01900E50034 /* SeparateView.swift */ = {isa = PBXFileReference; lastKnownFileType = sourcecode.swift; path = SeparateView.swift; sourceTree = "<group>"; };
/* End PBXFileReference section */

/* Begin PBXFrameworksBuildPhase section */
		31184F2623B0D6550034AFDC /* Frameworks */ = {
			isa = PBXFrameworksBuildPhase;
			buildActionMask = 2147483647;
			files = (
			);
			runOnlyForDeploymentPostprocessing = 0;
		};
		31184F3C23B0D6570034AFDC /* Frameworks */ = {
			isa = PBXFrameworksBuildPhase;
			buildActionMask = 2147483647;
			files = (
			);
			runOnlyForDeploymentPostprocessing = 0;
		};
		31184F4723B0D6570034AFDC /* Frameworks */ = {
			isa = PBXFrameworksBuildPhase;
			buildActionMask = 2147483647;
			files = (
			);
			runOnlyForDeploymentPostprocessing = 0;
		};
/* End PBXFrameworksBuildPhase section */

/* Begin PBXGroup section */
		31184F2023B0D6550034AFDC = {
			isa = PBXGroup;
			children = (
				31184F2B23B0D6550034AFDC /* TipApp */,
				31184F2A23B0D6550034AFDC /* Products */,
			);
			sourceTree = "<group>";
		};
		31184F2A23B0D6550034AFDC /* Products */ = {
			isa = PBXGroup;
			children = (
				31184F2923B0D6550034AFDC /* TipApp.app */,
				31184F3F23B0D6570034AFDC /* TipAppTests.xctest */,
				31184F4A23B0D6570034AFDC /* TipAppUITests.xctest */,
			);
			name = Products;
			sourceTree = "<group>";
		};
		31184F2B23B0D6550034AFDC /* TipApp */ = {
			isa = PBXGroup;
			children = (
				31184F2C23B0D6550034AFDC /* AppDelegate.swift */,
				31184F2E23B0D6550034AFDC /* SceneDelegate.swift */,
				31184F3023B0D6550034AFDC /* ViewController.swift */,
				31184F3223B0D6550034AFDC /* Main.storyboard */,
				31184F5C23B200E00034AFDC /* SettingViewController.swift */,
				31184F3523B0D6560034AFDC /* Assets.xcassets */,
				31184F3723B0D6560034AFDC /* LaunchScreen.storyboard */,
				31184F3A23B0D6560034AFDC /* Info.plist */,
				31300A1823DDA01900E50034 /* SeparateView.swift */,
			);
			path = TipApp;
			sourceTree = "<group>";
		};
/* End PBXGroup section */

/* Begin PBXNativeTarget section */
		31184F2823B0D6550034AFDC /* TipApp */ = {
			isa = PBXNativeTarget;
			buildConfigurationList = 31184F5323B0D6570034AFDC /* Build configuration list for PBXNativeTarget "TipApp" */;
			buildPhases = (
				31184F2523B0D6550034AFDC /* Sources */,
				31184F2623B0D6550034AFDC /* Frameworks */,
				31184F2723B0D6550034AFDC /* Resources */,
			);
			buildRules = (
			);
			dependencies = (
			);
			name = TipApp;
			productName = TipApp;
			productReference = 31184F2923B0D6550034AFDC /* TipApp.app */;
			productType = "com.apple.product-type.application";
		};
		31184F3E23B0D6570034AFDC /* TipAppTests */ = {
			isa = PBXNativeTarget;
			buildConfigurationList = 31184F5623B0D6570034AFDC /* Build configuration list for PBXNativeTarget "TipAppTests" */;
			buildPhases = (
				31184F3B23B0D6570034AFDC /* Sources */,
				31184F3C23B0D6570034AFDC /* Frameworks */,
				31184F3D23B0D6570034AFDC /* Resources */,
			);
			buildRules = (
			);
			dependencies = (
				31184F4123B0D6570034AFDC /* PBXTargetDependency */,
			);
			name = TipAppTests;
			productName = TipAppTests;
			productReference = 31184F3F23B0D6570034AFDC /* TipAppTests.xctest */;
			productType = "com.apple.product-type.bundle.unit-test";
		};
		31184F4923B0D6570034AFDC /* TipAppUITests */ = {
			isa = PBXNativeTarget;
			buildConfigurationList = 31184F5923B0D6570034AFDC /* Build configuration list for PBXNativeTarget "TipAppUITests" */;
			buildPhases = (
				31184F4623B0D6570034AFDC /* Sources */,
				31184F4723B0D6570034AFDC /* Frameworks */,
				31184F4823B0D6570034AFDC /* Resources */,
			);
			buildRules = (
			);
			dependencies = (
				31184F4C23B0D6570034AFDC /* PBXTargetDependency */,
			);
			name = TipAppUITests;
			productName = TipAppUITests;
			productReference = 31184F4A23B0D6570034AFDC /* TipAppUITests.xctest */;
			productType = "com.apple.product-type.bundle.ui-testing";
		};
/* End PBXNativeTarget section */

/* Begin PBXProject section */
		31184F2123B0D6550034AFDC /* Project object */ = {
			isa = PBXProject;
			attributes = {
				LastSwiftUpdateCheck = 1130;
				LastUpgradeCheck = 1130;
				ORGANIZATIONNAME = "Qingzhi Luo";
				TargetAttributes = {
					31184F2823B0D6550034AFDC = {
						CreatedOnToolsVersion = 11.3;
					};
					31184F3E23B0D6570034AFDC = {
						CreatedOnToolsVersion = 11.3;
						TestTargetID = 31184F2823B0D6550034AFDC;
					};
					31184F4923B0D6570034AFDC = {
						CreatedOnToolsVersion = 11.3;
						TestTargetID = 31184F2823B0D6550034AFDC;
					};
				};
			};
			buildConfigurationList = 31184F2423B0D6550034AFDC /* Build configuration list for PBXProject "TipApp" */;
			compatibilityVersion = "Xcode 9.3";
			developmentRegion = en;
			hasScannedForEncodings = 0;
			knownRegions = (
				en,
				Base,
			);
			mainGroup = 31184F2023B0D6550034AFDC;
			productRefGroup = 31184F2A23B0D6550034AFDC /* Products */;
			projectDirPath = "";
			projectRoot = "";
			targets = (
				31184F2823B0D6550034AFDC /* TipApp */,
				31184F3E23B0D6570034AFDC /* TipAppTests */,
				31184F4923B0D6570034AFDC /* TipAppUITests */,
			);
		};
/* End PBXProject section */

/* Begin PBXResourcesBuildPhase section */
		31184F2723B0D6550034AFDC /* Resources */ = {
			isa = PBXResourcesBuildPhase;
			buildActionMask = 2147483647;
			files = (
				31184F3923B0D6560034AFDC /* LaunchScreen.storyboard in Resources */,
				31184F3623B0D6560034AFDC /* Assets.xcassets in Resources */,
				31184F3423B0D6550034AFDC /* Main.storyboard in Resources */,
			);
			runOnlyForDeploymentPostprocessing = 0;
		};
		31184F3D23B0D6570034AFDC /* Resources */ = {
			isa = PBXResourcesBuildPhase;
			buildActionMask = 2147483647;
			files = (
			);
			runOnlyForDeploymentPostprocessing = 0;
		};
		31184F4823B0D6570034AFDC /* Resources */ = {
			isa = PBXResourcesBuildPhase;
			buildActionMask = 2147483647;
			files = (
			);
			runOnlyForDeploymentPostprocessing = 0;
		};
/* End PBXResourcesBuildPhase section */

/* Begin PBXSourcesBuildPhase section */
		31184F2523B0D6550034AFDC /* Sources */ = {
			isa = PBXSourcesBuildPhase;
			buildActionMask = 2147483647;
			files = (
				31300A1923DDA01900E50034 /* SeparateView.swift in Sources */,
				31184F3123B0D6550034AFDC /* ViewController.swift in Sources */,
				31184F2D23B0D6550034AFDC /* AppDelegate.swift in Sources */,
				31184F2F23B0D6550034AFDC /* SceneDelegate.swift in Sources */,
				31184F5D23B200E00034AFDC /* SettingViewController.swift in Sources */,
			);
			runOnlyForDeploymentPostprocessing = 0;
		};
		31184F3B23B0D6570034AFDC /* Sources */ = {
			isa = PBXSourcesBuildPhase;
			buildActionMask = 2147483647;
			files = (
			);
			runOnlyForDeploymentPostprocessing = 0;
		};
		31184F4623B0D6570034AFDC /* Sources */ = {
			isa = PBXSourcesBuildPhase;
			buildActionMask = 2147483647;
			files = (
			);
			runOnlyForDeploymentPostprocessing = 0;
		};
/* End PBXSourcesBuildPhase section */

/* Begin PBXTargetDependency section */
		31184F4123B0D6570034AFDC /* PBXTargetDependency */ = {
			isa = PBXTargetDependency;
			target = 31184F2823B0D6550034AFDC /* TipApp */;
			targetProxy = 31184F4023B0D6570034AFDC /* PBXContainerItemProxy */;
		};
		31184F4C23B0D6570034AFDC /* PBXTargetDependency */ = {
			isa = PBXTargetDependency;
			target = 31184F2823B0D6550034AFDC /* TipApp */;
			targetProxy = 31184F4B23B0D6570034AFDC /* PBXContainerItemProxy */;
		};
/* End PBXTargetDependency section */

/* Begin PBXVariantGroup section */
		31184F3223B0D6550034AFDC /* Main.storyboard */ = {
			isa = PBXVariantGroup;
			children = (
				31184F3323B0D6550034AFDC /* Base */,
			);
			name = Main.storyboard;
			sourceTree = "<group>";
		};
		31184F3723B0D6560034AFDC /* LaunchScreen.storyboard */ = {
			isa = PBXVariantGroup;
			children = (
				31184F3823B0D6560034AFDC /* Base */,
			);
			name = LaunchScreen.storyboard;
			sourceTree = "<group>";
		};
/* End PBXVariantGroup section */

/* Begin XCBuildConfiguration section */
		31184F5123B0D6570034AFDC /* Debug */ = {
			isa = XCBuildConfiguration;
			buildSettings = {
				ALWAYS_SEARCH_USER_PATHS = NO;
				CLANG_ANALYZER_NONNULL = YES;
				CLANG_ANALYZER_NUMBER_OBJECT_CONVERSION = YES_AGGRESSIVE;
				CLANG_CXX_LANGUAGE_STANDARD = "gnu++14";
				CLANG_CXX_LIBRARY = "libc++";
				CLANG_ENABLE_MODULES = YES;
				CLANG_ENABLE_OBJC_ARC = YES;
				CLANG_ENABLE_OBJC_WEAK = YES;
				CLANG_WARN_BLOCK_CAPTURE_AUTORELEASING = YES;
				CLANG_WARN_BOOL_CONVERSION = YES;
				CLANG_WARN_COMMA = YES;
				CLANG_WARN_CONSTANT_CONVERSION = YES;
				CLANG_WARN_DEPRECATED_OBJC_IMPLEMENTATIONS = YES;
				CLANG_WARN_DIRECT_OBJC_ISA_USAGE = YES_ERROR;
				CLANG_WARN_DOCUMENTATION_COMMENTS = YES;
				CLANG_WARN_EMPTY_BODY = YES;
				CLANG_WARN_ENUM_CONVERSION = YES;
				CLANG_WARN_INFINITE_RECURSION = YES;
				CLANG_WARN_INT_CONVERSION = YES;
				CLANG_WARN_NON_LITERAL_NULL_CONVERSION = YES;
				CLANG_WARN_OBJC_IMPLICIT_RETAIN_SELF = YES;
				CLANG_WARN_OBJC_LITERAL_CONVERSION = YES;
				CLANG_WARN_OBJC_ROOT_CLASS = YES_ERROR;
				CLANG_WARN_RANGE_LOOP_ANALYSIS = YES;
				CLANG_WARN_STRICT_PROTOTYPES = YES;
				CLANG_WARN_SUSPICIOUS_MOVE = YES;
				CLANG_WARN_UNGUARDED_AVAILABILITY = YES_AGGRESSIVE;
				CLANG_WARN_UNREACHABLE_CODE = YES;
				CLANG_WARN__DUPLICATE_METHOD_MATCH = YES;
				COPY_PHASE_STRIP = NO;
				DEBUG_INFORMATION_FORMAT = dwarf;
				ENABLE_STRICT_OBJC_MSGSEND = YES;
				ENABLE_TESTABILITY = YES;
				GCC_C_LANGUAGE_STANDARD = gnu11;
				GCC_DYNAMIC_NO_PIC = NO;
				GCC_NO_COMMON_BLOCKS = YES;
				GCC_OPTIMIZATION_LEVEL = 0;
				GCC_PREPROCESSOR_DEFINITIONS = (
					"DEBUG=1",
					"$(inherited)",
				);
				GCC_WARN_64_TO_32_BIT_CONVERSION = YES;
				GCC_WARN_ABOUT_RETURN_TYPE = YES_ERROR;
				GCC_WARN_UNDECLARED_SELECTOR = YES;
				GCC_WARN_UNINITIALIZED_AUTOS = YES_AGGRESSIVE;
				GCC_WARN_UNUSED_FUNCTION = YES;
				GCC_WARN_UNUSED_VARIABLE = YES;
				IPHONEOS_DEPLOYMENT_TARGET = 13.2;
				MTL_ENABLE_DEBUG_INFO = INCLUDE_SOURCE;
				MTL_FAST_MATH = YES;
				ONLY_ACTIVE_ARCH = YES;
				SDKROOT = iphoneos;
				SWIFT_ACTIVE_COMPILATION_CONDITIONS = DEBUG;
				SWIFT_OPTIMIZATION_LEVEL = "-Onone";
			};
			name = Debug;
		};
		31184F5223B0D6570034AFDC /* Release */ = {
			isa = XCBuildConfiguration;
			buildSettings = {
				ALWAYS_SEARCH_USER_PATHS = NO;
				CLANG_ANALYZER_NONNULL = YES;
				CLANG_ANALYZER_NUMBER_OBJECT_CONVERSION = YES_AGGRESSIVE;
				CLANG_CXX_LANGUAGE_STANDARD = "gnu++14";
				CLANG_CXX_LIBRARY = "libc++";
				CLANG_ENABLE_MODULES = YES;
				CLANG_ENABLE_OBJC_ARC = YES;
				CLANG_ENABLE_OBJC_WEAK = YES;
				CLANG_WARN_BLOCK_CAPTURE_AUTORELEASING = YES;
				CLANG_WARN_BOOL_CONVERSION = YES;
				CLANG_WARN_COMMA = YES;
				CLANG_WARN_CONSTANT_CONVERSION = YES;
				CLANG_WARN_DEPRECATED_OBJC_IMPLEMENTATIONS = YES;
				CLANG_WARN_DIRECT_OBJC_ISA_USAGE = YES_ERROR;
				CLANG_WARN_DOCUMENTATION_COMMENTS = YES;
				CLANG_WARN_EMPTY_BODY = YES;
				CLANG_WARN_ENUM_CONVERSION = YES;
				CLANG_WARN_INFINITE_RECURSION = YES;
				CLANG_WARN_INT_CONVERSION = YES;
				CLANG_WARN_NON_LITERAL_NULL_CONVERSION = YES;
				CLANG_WARN_OBJC_IMPLICIT_RETAIN_SELF = YES;
				CLANG_WARN_OBJC_LITERAL_CONVERSION = YES;
				CLANG_WARN_OBJC_ROOT_CLASS = YES_ERROR;
				CLANG_WARN_RANGE_LOOP_ANALYSIS = YES;
				CLANG_WARN_STRICT_PROTOTYPES = YES;
				CLANG_WARN_SUSPICIOUS_MOVE = YES;
				CLANG_WARN_UNGUARDED_AVAILABILITY = YES_AGGRESSIVE;
				CLANG_WARN_UNREACHABLE_CODE = YES;
				CLANG_WARN__DUPLICATE_METHOD_MATCH = YES;
				COPY_PHASE_STRIP = NO;
				DEBUG_INFORMATION_FORMAT = "dwarf-with-dsym";
				ENABLE_NS_ASSERTIONS = NO;
				ENABLE_STRICT_OBJC_MSGSEND = YES;
				GCC_C_LANGUAGE_STANDARD = gnu11;
				GCC_NO_COMMON_BLOCKS = YES;
				GCC_WARN_64_TO_32_BIT_CONVERSION = YES;
				GCC_WARN_ABOUT_RETURN_TYPE = YES_ERROR;
				GCC_WARN_UNDECLARED_SELECTOR = YES;
				GCC_WARN_UNINITIALIZED_AUTOS = YES_AGGRESSIVE;
				GCC_WARN_UNUSED_FUNCTION = YES;
				GCC_WARN_UNUSED_VARIABLE = YES;
				IPHONEOS_DEPLOYMENT_TARGET = 13.2;
				MTL_ENABLE_DEBUG_INFO = NO;
				MTL_FAST_MATH = YES;
				SDKROOT = iphoneos;
				SWIFT_COMPILATION_MODE = wholemodule;
				SWIFT_OPTIMIZATION_LEVEL = "-O";
				VALIDATE_PRODUCT = YES;
			};
			name = Release;
		};
		31184F5423B0D6570034AFDC /* Debug */ = {
			isa = XCBuildConfiguration;
			buildSettings = {
				ASSETCATALOG_COMPILER_APPICON_NAME = AppIcon;
				CODE_SIGN_STYLE = Automatic;
				INFOPLIST_FILE = TipApp/Info.plist;
				LD_RUNPATH_SEARCH_PATHS = (
					"$(inherited)",
					"@executable_path/Frameworks",
				);
				PRODUCT_BUNDLE_IDENTIFIER = com.codepath.TipApp;
				PRODUCT_NAME = "$(TARGET_NAME)";
				SWIFT_VERSION = 5.0;
				TARGETED_DEVICE_FAMILY = "1,2";
			};
			name = Debug;
		};
		31184F5523B0D6570034AFDC /* Release */ = {
			isa = XCBuildConfiguration;
			buildSettings = {
				ASSETCATALOG_COMPILER_APPICON_NAME = AppIcon;
				CODE_SIGN_STYLE = Automatic;
				INFOPLIST_FILE = TipApp/Info.plist;
				LD_RUNPATH_SEARCH_PATHS = (
					"$(inherited)",
					"@executable_path/Frameworks",
				);
				PRODUCT_BUNDLE_IDENTIFIER = com.codepath.TipApp;
				PRODUCT_NAME = "$(TARGET_NAME)";
				SWIFT_VERSION = 5.0;
				TARGETED_DEVICE_FAMILY = "1,2";
			};
			name = Release;
		};
		31184F5723B0D6570034AFDC /* Debug */ = {
			isa = XCBuildConfiguration;
			buildSettings = {
				ALWAYS_EMBED_SWIFT_STANDARD_LIBRARIES = YES;
				BUNDLE_LOADER = "$(TEST_HOST)";
				CODE_SIGN_STYLE = Automatic;
				INFOPLIST_FILE = TipAppTests/Info.plist;
				IPHONEOS_DEPLOYMENT_TARGET = 13.2;
				LD_RUNPATH_SEARCH_PATHS = (
					"$(inherited)",
					"@executable_path/Frameworks",
					"@loader_path/Frameworks",
				);
				PRODUCT_BUNDLE_IDENTIFIER = com.codepath.TipAppTests;
				PRODUCT_NAME = "$(TARGET_NAME)";
				SWIFT_VERSION = 5.0;
				TARGETED_DEVICE_FAMILY = "1,2";
				TEST_HOST = "$(BUILT_PRODUCTS_DIR)/TipApp.app/TipApp";
			};
			name = Debug;
		};
		31184F5823B0D6570034AFDC /* Release */ = {
			isa = XCBuildConfiguration;
			buildSettings = {
				ALWAYS_EMBED_SWIFT_STANDARD_LIBRARIES = YES;
				BUNDLE_LOADER = "$(TEST_HOST)";
				CODE_SIGN_STYLE = Automatic;
				INFOPLIST_FILE = TipAppTests/Info.plist;
				IPHONEOS_DEPLOYMENT_TARGET = 13.2;
				LD_RUNPATH_SEARCH_PATHS = (
					"$(inherited)",
					"@executable_path/Frameworks",
					"@loader_path/Frameworks",
				);
				PRODUCT_BUNDLE_IDENTIFIER = com.codepath.TipAppTests;
				PRODUCT_NAME = "$(TARGET_NAME)";
				SWIFT_VERSION = 5.0;
				TARGETED_DEVICE_FAMILY = "1,2";
				TEST_HOST = "$(BUILT_PRODUCTS_DIR)/TipApp.app/TipApp";
			};
			name = Release;
		};
		31184F5A23B0D6570034AFDC /* Debug */ = {
			isa = XCBuildConfiguration;
			buildSettings = {
				ALWAYS_EMBED_SWIFT_STANDARD_LIBRARIES = YES;
				CODE_SIGN_STYLE = Automatic;
				INFOPLIST_FILE = TipAppUITests/Info.plist;
				LD_RUNPATH_SEARCH_PATHS = (
					"$(inherited)",
					"@executable_path/Frameworks",
					"@loader_path/Frameworks",
				);
				PRODUCT_BUNDLE_IDENTIFIER = com.codepath.TipAppUITests;
				PRODUCT_NAME = "$(TARGET_NAME)";
				SWIFT_VERSION = 5.0;
				TARGETED_DEVICE_FAMILY = "1,2";
				TEST_TARGET_NAME = TipApp;
			};
			name = Debug;
		};
		31184F5B23B0D6570034AFDC /* Release */ = {
			isa = XCBuildConfiguration;
			buildSettings = {
				ALWAYS_EMBED_SWIFT_STANDARD_LIBRARIES = YES;
				CODE_SIGN_STYLE = Automatic;
				INFOPLIST_FILE = TipAppUITests/Info.plist;
				LD_RUNPATH_SEARCH_PATHS = (
					"$(inherited)",
					"@executable_path/Frameworks",
					"@loader_path/Frameworks",
				);
				PRODUCT_BUNDLE_IDENTIFIER = com.codepath.TipAppUITests;
				PRODUCT_NAME = "$(TARGET_NAME)";
				SWIFT_VERSION = 5.0;
				TARGETED_DEVICE_FAMILY = "1,2";
				TEST_TARGET_NAME = TipApp;
			};
			name = Release;
		};
/* End XCBuildConfiguration section */

/* Begin XCConfigurationList section */
		31184F2423B0D6550034AFDC /* Build configuration list for PBXProject "TipApp" */ = {
			isa = XCConfigurationList;
			buildConfigurations = (
				31184F5123B0D6570034AFDC /* Debug */,
				31184F5223B0D6570034AFDC /* Release */,
			);
			defaultConfigurationIsVisible = 0;
			defaultConfigurationName = Release;
		};
		31184F5323B0D6570034AFDC /* Build configuration list for PBXNativeTarget "TipApp" */ = {
			isa = XCConfigurationList;
			buildConfigurations = (
				31184F5423B0D6570034AFDC /* Debug */,
				31184F5523B0D6570034AFDC /* Release */,
			);
			defaultConfigurationIsVisible = 0;
			defaultConfigurationName = Release;
		};
		31184F5623B0D6570034AFDC /* Build configuration list for PBXNativeTarget "TipAppTests" */ = {
			isa = XCConfigurationList;
			buildConfigurations = (
				31184F5723B0D6570034AFDC /* Debug */,
				31184F5823B0D6570034AFDC /* Release */,
			);
			defaultConfigurationIsVisible = 0;
			defaultConfigurationName = Release;
		};
		31184F5923B0D6570034AFDC /* Build configuration list for PBXNativeTarget "TipAppUITests" */ = {
			isa = XCConfigurationList;
			buildConfigurations = (
				31184F5A23B0D6570034AFDC /* Debug */,
				31184F5B23B0D6570034AFDC /* Release */,
			);
			defaultConfigurationIsVisible = 0;
			defaultConfigurationName = Release;
		};
/* End XCConfigurationList section */
	};
	rootObject = 31184F2123B0D6550034AFDC /* Project object */;
}
